{
    __meta__ = {
        version = "1.0"
    },
    ["windows|x64"] = {
        ["cmake#31fecfc4"] = {
            repo = {
                branch = "master",
                commit = "846377ed776dd579655c4cd00e211d8dc4462315",
                url = "https://gitlab.com/tboox/xmake-repo.git"
            },
            version = "3.23.2"
        },
        ["commonlibsse-ng#db6d6aee"] = {
            repo = {
                branch = "master",
                commit = "846377ed776dd579655c4cd00e211d8dc4462315",
                url = "https://gitlab.com/tboox/xmake-repo.git"
            },
            version = "v3.6.0"
        },
        ["fmt#31fecfc4"] = {
            repo = {
                branch = "master",
                commit = "de1e074d91c234091cc2eac6c409f1c8d158ea57",
                url = "https://gitlab.com/tboox/xmake-repo.git"
            },
            version = "9.1.0"
        },
        ["rapidcsv#31fecfc4"] = {
            repo = {
                branch = "master",
                commit = "de1e074d91c234091cc2eac6c409f1c8d158ea57",
                url = "https://gitlab.com/tboox/xmake-repo.git"
            },
            version = "8.50"
        },
        ["spdlog#31fecfc4"] = {
            repo = {
                branch = "master",
                commit = "3e164758bfffe51e8747ffe32dfb1ba5b18aa43a",
                url = "https://gitlab.com/tboox/xmake-repo.git"
            },
            version = "v1.11.0"
        },
        ["xbyak#31fecfc4"] = {
            repo = {
                branch = "master",
                commit = "846377ed776dd579655c4cd00e211d8dc4462315",
                url = "https://gitlab.com/tboox/xmake-repo.git"
            },
            version = "v6.03"
        }
    }
}