{
    __meta__ = {
        version = "1.0"
    },
    ["windows|x64"] = {
        ["cmake#31fecfc4"] = {
            repo = {
                branch = "master",
                commit = "82395c95e7821b6f160a2d8448c23023912b434d",
                url = "https://github.com/xmake-io/xmake-repo.git"
            },
            version = "3.29.3"
        },
        ["rsm-binary-io#31fecfc4"] = {
            repo = {
                branch = "master",
                commit = "30bf09689d5f65e9ea4e3904ceb675f8f04f0789",
                url = "https://gitlab.com/tboox/xmake-repo.git"
            },
            version = "2.0.6"
        },
        ["spdlog#9c36f0a9"] = {
            repo = {
                branch = "master",
                commit = "4395cd5c17093fa21e663dc4ac9bc4f4c9154814",
                url = "https://gitlab.com/tboox/xmake-repo.git"
            },
            version = "v1.14.1"
        },
        ["xbyak#31fecfc4"] = {
            repo = {
                branch = "master",
                commit = "30bf09689d5f65e9ea4e3904ceb675f8f04f0789",
                url = "https://gitlab.com/tboox/xmake-repo.git"
            },
            version = "v7.06"
        }
    }
}